{
  "lockfileVersion": 1,
  "dependencies": {
    "arraybuffer-to-string": {
      "version": "1.0.1",
      "resolved": "https://registry.npmjs.org/arraybuffer-to-string/-/arraybuffer-to-string-1.0.1.tgz",
      "integrity": "sha512-r87n9wfWwZPf4J5V16hptGuWSTYym6AmIpbTZ3IwYWII7T6N8+w0bc/9JvD2bMYk1k9+URjdv1KmiNEo5KfrwQ=="
    },
    "async": {
      "version": "2.3.0",
      "resolved": "https://registry.npmjs.org/async/-/async-2.3.0.tgz",
      "integrity": "sha512-uDDBwBVKsWWe4uMmvVmFiW07K5BmdyZvSFzxlujNBtSJ/qzAlGM6UHOFZsQd5jsdmWatrCMWwYyVAc8cuJrepQ==",
      "dependencies": {
        "lodash": {
          "version": "4.17.21",
          "resolved": "https://registry.npmjs.org/lodash/-/lodash-4.17.21.tgz",
          "integrity": "sha512-v2kDEe57lecTulaDIuNTPy3Ry4gLGJ6Z1O3vE1krgXZNrsQ+LFTGHVxVjcXPs17LhbZVGedAJv8XZ1tvj5FvSg=="
        }
      }
    },
    "body-parser": {
      "version": "1.17.1",
      "resolved": "https://registry.npmjs.org/body-parser/-/body-parser-1.17.1.tgz",
      "integrity": "sha512-yMi6cDvaQLniK4bQATEZWYVn52TqcFt5fr8mP5xMI+1S5Kk6ouSF90ncoorYXCjsPLN9ilJ/rAbmpNKfj93gkQ==",
      "dependencies": {
        "bytes": {
          "version": "2.4.0",
          "resolved": "https://registry.npmjs.org/bytes/-/bytes-2.4.0.tgz",
          "integrity": "sha512-SvUX8+c/Ga454a4fprIdIUzUN9xfd1YTvYh7ub5ZPJ+ZJ/+K2Bp6IpWGmnw8r3caLTsmhvJAKZz3qjIo9+XuCQ=="
        },
        "content-type": {
          "version": "1.0.5",
          "resolved": "https://registry.npmjs.org/content-type/-/content-type-1.0.5.tgz",
          "integrity": "sha512-nTjqfcBFEipKdXCv4YDQWCfmcLZKm81ldF0pAopTvyrFGVbcR6P/VAAd5G7N+0tTr8QqiU0tFadD6FK4NtJwOA=="
        },
        "debug": {
          "version": "2.6.1",
          "resolved": "https://registry.npmjs.org/debug/-/debug-2.6.1.tgz",
          "integrity": "sha512-BmFi/QgceF1MztznXEqbZXATlMwzrsfWR9Iahbp4j7vTK+Sel84Mt3SZ/btENs22PSm0bw6NOoZOd2fbOczPRQ=="
        },
        "ee-first": {
          "version": "1.1.1",
          "resolved": "https://registry.npmjs.org/ee-first/-/ee-first-1.1.1.tgz",
          "integrity": "sha512-WMwm9LhRUo+WUaRN+vRuETqG89IgZphVSNkdFgeb6sS/E4OrDIN7t48CAewSHXc6C8lefD8KKfr5vY61brQlow=="
        },
        "http-errors": {
          "version": "1.6.3",
          "resolved": "https://registry.npmjs.org/http-errors/-/http-errors-1.6.3.tgz",
          "integrity": "sha512-lks+lVC8dgGyh97jxvxeYTWQFvh4uw4yC12gVl63Cg30sjPX4wuGcdkICVXDAESr6OJGjqGA8Iz5mkeN6zlD7A==",
          "dependencies": {
            "depd": {
              "version": "1.1.2",
              "resolved": "https://registry.npmjs.org/depd/-/depd-1.1.2.tgz",
              "integrity": "sha512-7emPTl6Dpo6JRXOXjLRxck+FlLRX5847cLKEn00PLAgc3g2hTZZgr+e4c2v6QpSmLeFP3n5yUo7ft6avBK/5jQ=="
            }
          }
        },
        "iconv-lite": {
          "version": "0.4.15",
          "resolved": "https://registry.npmjs.org/iconv-lite/-/iconv-lite-0.4.15.tgz",
          "integrity": "sha512-RGR+c9Lm+tLsvU57FTJJtdbv2hQw42Yl2n26tVIBaYmZzLN+EGfroUugN/z9nJf9kOXd49hBmpoGr4FEm+A4pw=="
        },
        "inherits": {
          "version": "2.0.3",
          "resolved": "https://registry.npmjs.org/inherits/-/inherits-2.0.3.tgz",
          "integrity": "sha512-x00IRNXNy63jwGkJmzPigoySHbaqpNuzKbBOmzK+g2OdZpQ9w+sxCN+VSB3ja7IAge2OP2qpfxTjeNcyjmW1uw=="
        },
        "media-typer": {
          "version": "0.3.0",
          "resolved": "https://registry.npmjs.org/media-typer/-/media-typer-0.3.0.tgz",
          "integrity": "sha512-dq+qelQ9akHpcOl/gUVRTxVIOkAJ1wR3QAvb4RsVjS8oVoFjDGTc679wJYmUmknUF5HwMLOgb5O+a3KxfWapPQ=="
        },
        "mime-types": {
          "version": "2.1.35",
          "resolved": "https://registry.npmjs.org/mime-types/-/mime-types-2.1.35.tgz",
          "integrity": "sha512-ZDY+bPm5zTTF+YpCrAU9nK0UgICYPT0QtT1NZWFv4s++TNkcgVaT0g6+4R2uI4MjQjzysHB1zxuWL50hzaeXiw=="
        },
        "ms": {
          "version": "0.7.2",
          "resolved": "https://registry.npmjs.org/ms/-/ms-0.7.2.tgz",
          "integrity": "sha512-5NnE67nQSQDJHVahPJna1PQ/zCXMnQop3yUCxjKPNzCxuyPSKWTQ/5Gu5CZmjetwGLWRA+PzeF5thlbOdbQldA=="
        },
        "on-finished": {
          "version": "2.3.0",
          "resolved": "https://registry.npmjs.org/on-finished/-/on-finished-2.3.0.tgz",
          "integrity": "sha512-ikqdkGAAyf/X/gPhXGvfgAytDZtDbr+bkNUJ0N9h5MI/dmdgCs3l6hoHrcUv41sRKew3jIwrp4qQDXiK99Utww=="
        },
        "qs": {
          "version": "6.4.0",
          "resolved": "https://registry.npmjs.org/qs/-/qs-6.4.0.tgz",
          "integrity": "sha512-Qs6dfgR5OksK/PSxl1kGxiZgEQe8RqJMB9wZqVlKQfU+zzV+HY77pWJnoJENACKDQByWdpr8ZPIh1TBi4lpiSQ=="
        },
        "raw-body": {
          "version": "2.2.0",
          "resolved": "https://registry.npmjs.org/raw-body/-/raw-body-2.2.0.tgz",
          "integrity": "sha512-C6xnwM0GY3tP6cwSzBTjPIW/PgxwxxHAyDoO4q4Ajyf80TyU2e5IsMwumoJf5WXiAVG77u2SDEFUM/9T+9oC0g=="
        },
        "setprototypeof": {
          "version": "1.1.0",
          "resolved": "https://registry.npmjs.org/setprototypeof/-/setprototypeof-1.1.0.tgz",
          "integrity": "sha512-BvE/TwpZX4FXExxOxZyRGQQv651MSwmWKZGqvmPcRIjDqWub67kTKuIMx43cZZrS/cBBzwBcNDWoFxt2XEFIpQ=="
        },
        "statuses": {
          "version": "1.5.0",
          "resolved": "https://registry.npmjs.org/statuses/-/statuses-1.5.0.tgz",
          "integrity": "sha512-OpZ3zP+jT1PI7I8nemJX4AKmAX070ZkYPVWV/AaKTJl+tXCTGyVdC1a4SL8RUQYEwk/f34ZX8UTykN68FwrqAA=="
        },
        "type-is": {
          "version": "1.6.18",
          "resolved": "https://registry.npmjs.org/type-is/-/type-is-1.6.18.tgz",
          "integrity": "sha512-TkRKr9sUTxEH8MdfuCSP7VizJyzRNMjj2J2do2Jr3Kym598JVdEksuzPQCnlFPW4ky9Q+iA+ma9BGm06XQBy8g=="
        },
        "unpipe": {
          "version": "1.0.0",
          "resolved": "https://registry.npmjs.org/unpipe/-/unpipe-1.0.0.tgz",
          "integrity": "sha512-pjy2bYhSsufwWlKwPc+l3cN7+wuJlK6uz0YdJEOlQDbl6jo/YlPi4mb8agUkVC8BF7V8NuzeyPNqRksA3hztKQ=="
        }
      }
    },
    "bytes": {
      "version": "2.5.0",
      "resolved": "https://registry.npmjs.org/bytes/-/bytes-2.5.0.tgz",
      "integrity": "sha512-hkQtlCqf2f67v+GDlR9DImH1Bu/DxA/yNR7EmnbxCgxYgm4u7rLTJw8LYJdttHOl+H+++Fv0SQF7PgXAtqkfVg=="
    },
    "connect": {
      "version": "3.6.0",
      "resolved": "https://registry.npmjs.org/connect/-/connect-3.6.0.tgz",
      "integrity": "sha512-e1S0XTaw8+lQ4104by6yc3bN17U+GguUw3WCAIxMIsiMeKIG3KcNcXDxPKXoI56ErrQ9/bW0CQ5/Qc6paCTG4A==",
      "dependencies": {
        "debug": {
          "version": "2.6.1",
          "resolved": "https://registry.npmjs.org/debug/-/debug-2.6.1.tgz",
          "integrity": "sha512-BmFi/QgceF1MztznXEqbZXATlMwzrsfWR9Iahbp4j7vTK+Sel84Mt3SZ/btENs22PSm0bw6NOoZOd2fbOczPRQ=="
        },
        "ms": {
          "version": "0.7.2",
          "resolved": "https://registry.npmjs.org/ms/-/ms-0.7.2.tgz",
          "integrity": "sha512-5NnE67nQSQDJHVahPJna1PQ/zCXMnQop3yUCxjKPNzCxuyPSKWTQ/5Gu5CZmjetwGLWRA+PzeF5thlbOdbQldA=="
        }
      }
    },
    "content-type": {
      "version": "1.0.2",
      "resolved": "https://registry.npmjs.org/content-type/-/content-type-1.0.2.tgz",
      "integrity": "sha512-TFmXoAjJQD7hApJpE/GttZreniTw+DYE4zlDmPRc8Q75KXrU8hFt3Qeckml/mOTVAxwbMZ3WwdEcQCzTpfV5ZA=="
    },
    "debug": {
      "version": "2.6.3",
      "resolved": "https://registry.npmjs.org/debug/-/debug-2.6.3.tgz",
      "integrity": "sha512-9k275CFA9z/NW+7nojeyxyOCFYsc+Dfiq4Sg8CBP5WjzmJT5K1utEepahY7wuWhlsumHgmAqnwAnxPCgOOyAHA==",
      "dependencies": {
        "ms": {
          "version": "0.7.2",
          "resolved": "https://registry.npmjs.org/ms/-/ms-0.7.2.tgz",
          "integrity": "sha512-5NnE67nQSQDJHVahPJna1PQ/zCXMnQop3yUCxjKPNzCxuyPSKWTQ/5Gu5CZmjetwGLWRA+PzeF5thlbOdbQldA=="
        }
      }
    },
    "depd": {
      "version": "1.1.0",
      "resolved": "https://registry.npmjs.org/depd/-/depd-1.1.0.tgz",
      "integrity": "sha512-SN03SKT2SwhaAKUnRJ47Scnys7ZL2FuogA/6s9u5+58RAyqhsI2HBDZymMB0omazkYVBAwBHW9ONcjd4iZ8hDQ=="
    },
    "ee-first": {
      "version": "1.1.1",
      "resolved": "https://registry.npmjs.org/ee-first/-/ee-first-1.1.1.tgz",
      "integrity": "sha512-WMwm9LhRUo+WUaRN+vRuETqG89IgZphVSNkdFgeb6sS/E4OrDIN7t48CAewSHXc6C8lefD8KKfr5vY61brQlow=="
    },
    "ejs": {
      "version": "2.5.6",
      "resolved": "https://registry.npmjs.org/ejs/-/ejs-2.5.6.tgz",
      "integrity": "sha512-YhFduT4GNzBLrHuqCYQ/nmyFntPMKyR3G1QVydzofhNi3vGwamhOm2VO4CyYEdyNuc7DGfsl1GlfmqJFtjYNLw=="
    },
    "encodeurl": {
      "version": "1.0.2",
      "resolved": "https://registry.npmjs.org/encodeurl/-/encodeurl-1.0.2.tgz",
      "integrity": "sha512-TPJXq8JqFaVYm2CWmPvnP2Iyo4ZSM7/QKcSmuMLDObfpH5fi7RUGmd/rTDf+rut/saiDiQEeVTNgAmJEdAOx0w=="
    },
    "escape-html": {
      "version": "1.0.3",
      "resolved": "https://registry.npmjs.org/escape-html/-/escape-html-1.0.3.tgz",
      "integrity": "sha512-NiSupZ4OeuGwr68lGIeym/ksIZMJodUGOSCZ/FSnTxcrekbvqrgdUxlJOMpijaKZVjAJrWrGs/6Jy8OMuyj9ow=="
    },
    "finalhandler": {
      "version": "1.0.0",
      "resolved": "https://registry.npmjs.org/finalhandler/-/finalhandler-1.0.0.tgz",
      "integrity": "sha512-vqD6y4OKWX0ColC1GxaH6HiIYIZouvOdlvBjY/P4t7GreZHRuK1HkzW26zx3OtZ0PV5j4yNYQgrqBdrY+suCIw==",
      "dependencies": {
        "debug": {
          "version": "2.6.1",
          "resolved": "https://registry.npmjs.org/debug/-/debug-2.6.1.tgz",
          "integrity": "sha512-BmFi/QgceF1MztznXEqbZXATlMwzrsfWR9Iahbp4j7vTK+Sel84Mt3SZ/btENs22PSm0bw6NOoZOd2fbOczPRQ=="
        },
        "ms": {
          "version": "0.7.2",
          "resolved": "https://registry.npmjs.org/ms/-/ms-0.7.2.tgz",
          "integrity": "sha512-5NnE67nQSQDJHVahPJna1PQ/zCXMnQop3yUCxjKPNzCxuyPSKWTQ/5Gu5CZmjetwGLWRA+PzeF5thlbOdbQldA=="
        }
      }
    },
    "http-errors": {
      "version": "1.6.1",
      "resolved": "https://registry.npmjs.org/http-errors/-/http-errors-1.6.1.tgz",
      "integrity": "sha512-O/lLS06486+l1FVAXghMHAJB3tCg2R5jvGnIQ47X4K1FzfsVs51djHpmwPSzkJ77qIihOV8ONelhSBgfHGG0FA==",
      "dependencies": {
        "inherits": {
          "version": "2.0.3",
          "resolved": "https://registry.npmjs.org/inherits/-/inherits-2.0.3.tgz",
          "integrity": "sha512-x00IRNXNy63jwGkJmzPigoySHbaqpNuzKbBOmzK+g2OdZpQ9w+sxCN+VSB3ja7IAge2OP2qpfxTjeNcyjmW1uw=="
        },
        "setprototypeof": {
          "version": "1.0.3",
          "resolved": "https://registry.npmjs.org/setprototypeof/-/setprototypeof-1.0.3.tgz",
          "integrity": "sha512-9jphSf3UbIgpOX/RKvX02iw/rN2TKdusnsPpGfO/rkcsrd+IRqgHZb4VGnmL0Cynps8Nj2hN45wsi30BzrHDIw=="
        },
        "statuses": {
          "version": "1.5.0",
          "resolved": "https://registry.npmjs.org/statuses/-/statuses-1.5.0.tgz",
          "integrity": "sha512-OpZ3zP+jT1PI7I8nemJX4AKmAX070ZkYPVWV/AaKTJl+tXCTGyVdC1a4SL8RUQYEwk/f34ZX8UTykN68FwrqAA=="
        }
      }
    },
    "iconv-lite": {
      "version": "0.4.15",
      "resolved": "https://registry.npmjs.org/iconv-lite/-/iconv-lite-0.4.15.tgz",
      "integrity": "sha512-RGR+c9Lm+tLsvU57FTJJtdbv2hQw42Yl2n26tVIBaYmZzLN+EGfroUugN/z9nJf9kOXd49hBmpoGr4FEm+A4pw=="
    },
    "inherits": {
      "version": "2.0.3",
      "resolved": "https://registry.npmjs.org/inherits/-/inherits-2.0.3.tgz",
      "integrity": "sha512-x00IRNXNy63jwGkJmzPigoySHbaqpNuzKbBOmzK+g2OdZpQ9w+sxCN+VSB3ja7IAge2OP2qpfxTjeNcyjmW1uw=="
    },
    "lodash": {
      "version": "4.17.4",
      "resolved": "https://registry.npmjs.org/lodash/-/lodash-4.17.4.tgz",
      "integrity": "sha512-6X37Sq9KCpLSXEh8uM12AKYlviHPNNk4RxiGBn4cmKGJinbXBneWIV7iE/nXkM928O7ytHcHb6+X6Svl0f4hXg=="
    },
    "media-typer": {
      "version": "0.3.0",
      "resolved": "https://registry.npmjs.org/media-typer/-/media-typer-0.3.0.tgz",
      "integrity": "sha512-dq+qelQ9akHpcOl/gUVRTxVIOkAJ1wR3QAvb4RsVjS8oVoFjDGTc679wJYmUmknUF5HwMLOgb5O+a3KxfWapPQ=="
    },
    "mime-db": {
      "version": "1.52.0",
      "resolved": "https://registry.npmjs.org/mime-db/-/mime-db-1.52.0.tgz",
      "integrity": "sha512-sPU4uV7dYlvtWJxwwxHD0PuihVNiE7TyAbQ5SWxDCB9mUYvOgroQOwYQQOKPJ8CIbE+1ETVlOoK1UC2nU3gYvg=="
    },
    "mime-types": {
      "version": "2.1.15",
      "resolved": "https://registry.npmjs.org/mime-types/-/mime-types-2.1.15.tgz",
      "integrity": "sha512-PjleM8evsL+OvsuE6EXom+8QAcSYALjmw+vYFqH8I+/+wNlewVgbM7/O1wcdCVL/ta8SC6l6BEK7A0/mZywpfg==",
      "dependencies": {
        "mime-db": {
          "version": "1.27.0",
          "resolved": "https://registry.npmjs.org/mime-db/-/mime-db-1.27.0.tgz",
          "integrity": "sha512-DNhC90PjVkQJpLVP+ct0lmKPQWAHFy+67X8IBOx+mda/I9vsrdJO/zoyEJdQdLsofi/l8GAG+IsfB0XCPLyLHg=="
        }
      }
    },
    "ms": {
      "version": "1.0.0",
      "resolved": "https://registry.npmjs.org/ms/-/ms-1.0.0.tgz",
      "integrity": "sha512-85ytwCiGUnD84ui6ULG1KBFMaZgHW3jg5KPr9jt+ZPYt75+XK+JGbYddGrBQ+RSHXOhekCnCZwJywBoFvFl0kw=="
    },
    "node-forge": {
      "version": "0.7.1",
      "resolved": "https://registry.npmjs.org/node-forge/-/node-forge-0.7.1.tgz",
      "integrity": "sha512-83NWhvDoU0BEyuQC5BP7unGvSqju3JdZNhmGpIDn0Vhs3ebwFAxtDqMTWWXddptbfd88KDnKI4BOIb4fkjSS7w=="
    },
    "on-finished": {
      "version": "2.3.0",
      "resolved": "https://registry.npmjs.org/on-finished/-/on-finished-2.3.0.tgz",
      "integrity": "sha512-ikqdkGAAyf/X/gPhXGvfgAytDZtDbr+bkNUJ0N9h5MI/dmdgCs3l6hoHrcUv41sRKew3jIwrp4qQDXiK99Utww==",
      "dependencies": {
        "ee-first": {
          "version": "1.1.1",
          "resolved": "https://registry.npmjs.org/ee-first/-/ee-first-1.1.1.tgz",
          "integrity": "sha512-WMwm9LhRUo+WUaRN+vRuETqG89IgZphVSNkdFgeb6sS/E4OrDIN7t48CAewSHXc6C8lefD8KKfr5vY61brQlow=="
        }
      }
    },
    "parseurl": {
      "version": "1.3.3",
      "resolved": "https://registry.npmjs.org/parseurl/-/parseurl-1.3.3.tgz",
      "integrity": "sha512-CiyeOxFT/JZyN5m0z9PfXw4SCBJ6Sygz1Dpl0wqjlhDEGGBP1GnsUVEL0p63hoG1fcj3fHynXi9NYO4nWOL+qQ=="
    },
    "qs": {
      "version": "6.4.0",
      "resolved": "https://registry.npmjs.org/qs/-/qs-6.4.0.tgz",
      "integrity": "sha512-Qs6dfgR5OksK/PSxl1kGxiZgEQe8RqJMB9wZqVlKQfU+zzV+HY77pWJnoJENACKDQByWdpr8ZPIh1TBi4lpiSQ=="
    },
    "querystring": {
      "version": "0.2.0",
      "resolved": "https://registry.npmjs.org/querystring/-/querystring-0.2.0.tgz",
      "integrity": "sha512-X/xY82scca2tau62i9mDyU9K+I+djTMUsvwf7xnUX5GLvVzgJybOJf4Y6o9Zx3oJK/LSXg5tTZBjwzqVPaPO2g=="
    },
    "raw-body": {
      "version": "2.2.0",
      "resolved": "https://registry.npmjs.org/raw-body/-/raw-body-2.2.0.tgz",
      "integrity": "sha512-C6xnwM0GY3tP6cwSzBTjPIW/PgxwxxHAyDoO4q4Ajyf80TyU2e5IsMwumoJf5WXiAVG77u2SDEFUM/9T+9oC0g==",
      "dependencies": {
        "bytes": {
          "version": "2.4.0",
          "resolved": "https://registry.npmjs.org/bytes/-/bytes-2.4.0.tgz",
          "integrity": "sha512-SvUX8+c/Ga454a4fprIdIUzUN9xfd1YTvYh7ub5ZPJ+ZJ/+K2Bp6IpWGmnw8r3caLTsmhvJAKZz3qjIo9+XuCQ=="
        },
        "unpipe": {
          "version": "1.0.0",
          "resolved": "https://registry.npmjs.org/unpipe/-/unpipe-1.0.0.tgz",
          "integrity": "sha512-pjy2bYhSsufwWlKwPc+l3cN7+wuJlK6uz0YdJEOlQDbl6jo/YlPi4mb8agUkVC8BF7V8NuzeyPNqRksA3hztKQ=="
        }
      }
    },
    "sax": {
      "version": "1.2.2",
      "resolved": "https://registry.npmjs.org/sax/-/sax-1.2.2.tgz",
      "integrity": "sha512-IN2coIooKl8T+3ca83BZTtWUiiYeFRsKCt9NazjxKR4SFXRrbpdR/iwr4B2zCMstVEg+5OFmY/FHh4JJKKS7xA=="
    },
    "setprototypeof": {
      "version": "1.0.3",
      "resolved": "https://registry.npmjs.org/setprototypeof/-/setprototypeof-1.0.3.tgz",
      "integrity": "sha512-9jphSf3UbIgpOX/RKvX02iw/rN2TKdusnsPpGfO/rkcsrd+IRqgHZb4VGnmL0Cynps8Nj2hN45wsi30BzrHDIw=="
    },
    "statuses": {
      "version": "1.3.1",
      "resolved": "https://registry.npmjs.org/statuses/-/statuses-1.3.1.tgz",
      "integrity": "sha512-wuTCPGlJONk/a1kqZ4fQM2+908lC7fa7nPYpTC1EhnvqLX/IICbeP1OZGDtA374trpSq68YubKUMo8oRhN46yg=="
    },
    "type-is": {
      "version": "1.6.15",
      "resolved": "https://registry.npmjs.org/type-is/-/type-is-1.6.15.tgz",
      "integrity": "sha512-0uqZYZDiBICTVXEsNcDLueZLPgZ8FgGe8lmVDQ0FcVFUeaxsPbFWiz60ZChVw8VELIt7iGuCehOrZSYjYteWKQ==",
      "dependencies": {
        "media-typer": {
          "version": "0.3.0",
          "resolved": "https://registry.npmjs.org/media-typer/-/media-typer-0.3.0.tgz",
          "integrity": "sha512-dq+qelQ9akHpcOl/gUVRTxVIOkAJ1wR3QAvb4RsVjS8oVoFjDGTc679wJYmUmknUF5HwMLOgb5O+a3KxfWapPQ=="
        },
        "mime-types": {
          "version": "2.1.35",
          "resolved": "https://registry.npmjs.org/mime-types/-/mime-types-2.1.35.tgz",
          "integrity": "sha512-ZDY+bPm5zTTF+YpCrAU9nK0UgICYPT0QtT1NZWFv4s++TNkcgVaT0g6+4R2uI4MjQjzysHB1zxuWL50hzaeXiw=="
        }
      }
    },
    "unpipe": {
      "version": "1.0.0",
      "resolved": "https://registry.npmjs.org/unpipe/-/unpipe-1.0.0.tgz",
      "integrity": "sha512-pjy2bYhSsufwWlKwPc+l3cN7+wuJlK6uz0YdJEOlQDbl6jo/YlPi4mb8agUkVC8BF7V8NuzeyPNqRksA3hztKQ=="
    },
    "utils-merge": {
      "version": "1.0.0",
      "resolved": "https://registry.npmjs.org/utils-merge/-/utils-merge-1.0.0.tgz",
      "integrity": "sha512-HwU9SLQEtyo+0uoKXd1nkLqigUWLB+QuNQR4OcmB73eWqksM5ovuqcycks2x043W8XVb75rG1HQ0h93TMXkzQQ=="
    },
    "xml-crypto": {
      "version": "0.9.0",
      "resolved": "https://registry.npmjs.org/xml-crypto/-/xml-crypto-0.9.0.tgz",
      "integrity": "sha512-h93W1+C+6ntcgY/FDsf797cYHQoQiuK+3EBBU498WncJv7TPvxI1pg02A5Kr7UtAx097lZMPTZBu3PA6OB7UwQ==",
      "dependencies": {
        "xmldom": {
          "version": "0.1.19",
          "resolved": "https://registry.npmjs.org/xmldom/-/xmldom-0.1.19.tgz",
          "integrity": "sha512-pDyxjQSFQgNHkU+yjvoF+GXVGJU7e9EnOg/KcGMDihBIKjTsOeDYaECwC/O9bsUWKY+Sd9izfE43JXC46EOHKA=="
        },
        "xpath.js": {
          "version": "1.1.0",
          "resolved": "https://registry.npmjs.org/xpath.js/-/xpath.js-1.1.0.tgz",
          "integrity": "sha512-jg+qkfS4K8E7965sqaUl8mRngXiKb3WZGfONgE18pr03FUQiuSV6G+Ej4tS55B+rIQSFEIw3phdVAQ4pPqNWfQ=="
        }
      }
    },
    "xml-encryption": {
      "version": "0.11.1",
      "resolved": "https://registry.npmjs.org/xml-encryption/-/xml-encryption-0.11.1.tgz",
      "integrity": "sha512-F9w6SmCx2MGq+tNniko4LKQAL5dhA4h5QvDXUdUeoYyYL57/LrxdCTP6HhLxVifQl78Iox2rDwcjmogXG9BGMw=="
    },
    "xml2js": {
      "version": "0.4.17",
      "resolved": "https://registry.npmjs.org/xml2js/-/xml2js-0.4.17.tgz",
      "integrity": "sha512-1O7wk/NTQN0UEOItIYTxK4qP4sMUVU60MbF4Nj0a8jd6eebMXOicVI/KFOEsYKKH4uBpx6XG9ZGZctXK5rtO5Q==",
      "dependencies": {
        "lodash": {
          "version": "4.17.21",
          "resolved": "https://registry.npmjs.org/lodash/-/lodash-4.17.21.tgz",
          "integrity": "sha512-v2kDEe57lecTulaDIuNTPy3Ry4gLGJ6Z1O3vE1krgXZNrsQ+LFTGHVxVjcXPs17LhbZVGedAJv8XZ1tvj5FvSg=="
        },
        "sax": {
          "version": "1.3.0",
          "resolved": "https://registry.npmjs.org/sax/-/sax-1.3.0.tgz",
          "integrity": "sha512-0s+oAmw9zLl1V1cS9BtZN7JAd0cW5e0QH4W3LWEK6a4LaLEA2OTpGYWDY+6XasBLtz6wkm3u1xRw95mRuJ59WA=="
        },
        "xmlbuilder": {
          "version": "4.2.1",
          "resolved": "https://registry.npmjs.org/xmlbuilder/-/xmlbuilder-4.2.1.tgz",
          "integrity": "sha512-oEePiEefhQhAeUnwRnIBLBWmk/fsWWbQ53EEWsRuzECbQ3m5o/Esmq6H47CYYwSLW+Ynt0rS9hd0pd2ogMAWjg=="
        }
      }
    },
    "xmlbuilder": {
      "version": "9.0.0",
      "resolved": "https://registry.npmjs.org/xmlbuilder/-/xmlbuilder-9.0.0.tgz",
      "integrity": "sha512-/ns0j6Z0q7103GUC8znR+wmHVhSTaFbp39VkVfrzM41OGVcoL2+K94r7M1gee4ZwMTHFJTFUe9elH3iUYaUKCw=="
    },
    "xmldom": {
      "version": "0.1.27",
      "resolved": "https://registry.npmjs.org/xmldom/-/xmldom-0.1.27.tgz",
      "integrity": "sha512-7WpJBYwyhvsddFJA51SOIU0Be9W44sbGGjc6Z3ly8Wx/Wl7nriMPZ5xf6Np9ASlJ6gACfXcTLukm4DtX372lFw=="
    },
    "xpath": {
      "version": "0.0.24",
      "resolved": "https://registry.npmjs.org/xpath/-/xpath-0.0.24.tgz",
      "integrity": "sha512-xUsra70vEDlxu0T90+qkg/8/KvPPm4KQbh25yMZCpBABBkdQLaOLNsgzRAUax7wlWZt7Ka5Q+itg/TPzzHieVQ=="
    },
    "xpath.js": {
      "version": "1.0.7",
      "resolved": "https://registry.npmjs.org/xpath.js/-/xpath.js-1.0.7.tgz",
      "integrity": "sha512-URccZCBeOwcpDbmDU22iezCasCa6gyzULdlN0vOaMrlZYlxzSbibAUyN+DWQNTHs11LaTiBvFrb3wIji70FO4A=="
    }
  }
}
